
Microsoft Visual Studio Solution File, Format Version 12.00
# Visual Studio Version 16
VisualStudioVersion = 16.0.30804.86
MinimumVisualStudioVersion = 10.0.40219.1
Project("{8BC9CEB8-8B4A-11D0-8D11-00A0C91BC942}") = "ubench", "ubench.vcxproj", "{665629E9-11C0-4E72-9E69-53974EF695B7}"
EndProject
Global
	GlobalSection(SolutionConfigurationPlatforms) = preSolution
		Debug|x64 = Debug|x64
		Debug|x86 = Debug|x86
		Release|x64 = Release|x64
		Release|x86 = Release|x86
	EndGlobalSection
	GlobalSection(ProjectConfigurationPlatforms) = postSolution
		{665629E9-11C0-4E72-9E69-53974EF695B7}.Debug|x64.ActiveCfg = Debug|x64
		{665629E9-11C0-4E72-9E69-53974EF695B7}.Debug|x64.Build.0 = Debug|x64
		{665629E9-11C0-4E72-9E69-53974EF695B7}.Debug|x86.ActiveCfg = Debug|Win32
		{665629E9-11C0-4E72-9E69-53974EF695B7}.Debug|x86.Build.0 = Debug|Win32
		{665629E9-11C0-4E72-9E69-53974EF695B7}.Release|x64.ActiveCfg = Release|x64
		{665629E9-11C0-4E72-9E69-53974EF695B7}.Release|x64.Build.0 = Release|x64
		{665629E9-11C0-4E72-9E69-53974EF695B7}.Release|x86.ActiveCfg = Release|Win32
		{665629E9-11C0-4E72-9E69-53974EF695B7}.Release|x86.Build.0 = Release|Win32
	EndGlobalSection
	GlobalSection(SolutionProperties) = preSolution
		HideSolutionNode = FALSE
	EndGlobalSection
	GlobalSection(ExtensibilityGlobals) = postSolution
		SolutionGuid = {7B90C2B2-85EB-4DD1-BF8B-CBBC604E720E}
	EndGlobalSection
EndGlobal
